
Microsoft Visual Studio Solution File, Format Version 12.00
# Visual Studio 15
VisualStudioVersion = 15.0.27703.2026
MinimumVisualStudioVersion = 10.0.40219.1
Project("{FAE04EC0-301F-11D3-BF4B-00C04F79EFBC}") = "PG5_DP_Bridge", "PG5_DP_Bridge\PG5_DP_Bridge.csproj", "{94881093-0F0E-438D-9165-F417690EC1EC}"
EndProject
Project("{FAE04EC0-301F-11D3-BF4B-00C04F79EFBC}") = "NetworkLibrary", "NetworkLibrary\NetworkLibrary.csproj", "{6C057224-FD54-48A8-83B9-01227829C85E}"
EndProject
Global
	GlobalSection(SolutionConfigurationPlatforms) = preSolution
		Debug|Any CPU = Debug|Any CPU
		Release|Any CPU = Release|Any CPU
	EndGlobalSection
	GlobalSection(ProjectConfigurationPlatforms) = postSolution
		{94881093-0F0E-438D-9165-F417690EC1EC}.Debug|Any CPU.ActiveCfg = Debug|Any CPU
		{94881093-0F0E-438D-9165-F417690EC1EC}.Debug|Any CPU.Build.0 = Debug|Any CPU
		{94881093-0F0E-438D-9165-F417690EC1EC}.Release|Any CPU.ActiveCfg = Release|Any CPU
		{94881093-0F0E-438D-9165-F417690EC1EC}.Release|Any CPU.Build.0 = Release|Any CPU
		{6C057224-FD54-48A8-83B9-01227829C85E}.Debug|Any CPU.ActiveCfg = Debug|Any CPU
		{6C057224-FD54-48A8-83B9-01227829C85E}.Debug|Any CPU.Build.0 = Debug|Any CPU
		{6C057224-FD54-48A8-83B9-01227829C85E}.Release|Any CPU.ActiveCfg = Release|Any CPU
		{6C057224-FD54-48A8-83B9-01227829C85E}.Release|Any CPU.Build.0 = Release|Any CPU
	EndGlobalSection
	GlobalSection(SolutionProperties) = preSolution
		HideSolutionNode = FALSE
	EndGlobalSection
	GlobalSection(ExtensibilityGlobals) = postSolution
		SolutionGuid = {B48B2CAB-53CC-4563-9A4A-186C5D819380}
	EndGlobalSection
EndGlobal
