
Microsoft Visual Studio Solution File, Format Version 12.00
# Visual Studio 15
VisualStudioVersion = 15.0.27703.2026
MinimumVisualStudioVersion = 10.0.40219.1
Project("{FAE04EC0-301F-11D3-BF4B-00C04F79EFBC}") = "PG5_DP_Adapter", "PG5_DP_Adapter\PG5_DP_Adapter.csproj", "{7B1F3DE0-EE8C-4670-B572-FD801AE9C93B}"
EndProject
Project("{FAE04EC0-301F-11D3-BF4B-00C04F79EFBC}") = "LegacyLibrary", "LegacyLibrary\LegacyLibrary.csproj", "{A5B3CACC-8CC7-4FC4-BC21-2AAE42516608}"
EndProject
Project("{FAE04EC0-301F-11D3-BF4B-00C04F79EFBC}") = "AdapterLibrary", "AdapterLibrary\AdapterLibrary.csproj", "{CE7D825C-4D22-4D9A-B51E-F1A64D12171A}"
EndProject
Global
	GlobalSection(SolutionConfigurationPlatforms) = preSolution
		Debug|Any CPU = Debug|Any CPU
		Release|Any CPU = Release|Any CPU
	EndGlobalSection
	GlobalSection(ProjectConfigurationPlatforms) = postSolution
		{7B1F3DE0-EE8C-4670-B572-FD801AE9C93B}.Debug|Any CPU.ActiveCfg = Debug|Any CPU
		{7B1F3DE0-EE8C-4670-B572-FD801AE9C93B}.Debug|Any CPU.Build.0 = Debug|Any CPU
		{7B1F3DE0-EE8C-4670-B572-FD801AE9C93B}.Release|Any CPU.ActiveCfg = Release|Any CPU
		{7B1F3DE0-EE8C-4670-B572-FD801AE9C93B}.Release|Any CPU.Build.0 = Release|Any CPU
		{A5B3CACC-8CC7-4FC4-BC21-2AAE42516608}.Debug|Any CPU.ActiveCfg = Debug|Any CPU
		{A5B3CACC-8CC7-4FC4-BC21-2AAE42516608}.Debug|Any CPU.Build.0 = Debug|Any CPU
		{A5B3CACC-8CC7-4FC4-BC21-2AAE42516608}.Release|Any CPU.ActiveCfg = Release|Any CPU
		{A5B3CACC-8CC7-4FC4-BC21-2AAE42516608}.Release|Any CPU.Build.0 = Release|Any CPU
		{CE7D825C-4D22-4D9A-B51E-F1A64D12171A}.Debug|Any CPU.ActiveCfg = Debug|Any CPU
		{CE7D825C-4D22-4D9A-B51E-F1A64D12171A}.Debug|Any CPU.Build.0 = Debug|Any CPU
		{CE7D825C-4D22-4D9A-B51E-F1A64D12171A}.Release|Any CPU.ActiveCfg = Release|Any CPU
		{CE7D825C-4D22-4D9A-B51E-F1A64D12171A}.Release|Any CPU.Build.0 = Release|Any CPU
	EndGlobalSection
	GlobalSection(SolutionProperties) = preSolution
		HideSolutionNode = FALSE
	EndGlobalSection
	GlobalSection(ExtensibilityGlobals) = postSolution
		SolutionGuid = {9CECFD7A-B419-404A-8ABF-CBE7984243B4}
	EndGlobalSection
EndGlobal
