
Microsoft Visual Studio Solution File, Format Version 12.00
# Visual Studio 15
VisualStudioVersion = 15.0.27703.2035
MinimumVisualStudioVersion = 10.0.40219.1
Project("{FAE04EC0-301F-11D3-BF4B-00C04F79EFBC}") = "PG5_DP_Proxy", "PG5_DP_Proxy\PG5_DP_Proxy.csproj", "{0D5EACE0-FF3D-4766-A5CF-7B663C20F814}"
EndProject
Project("{FAE04EC0-301F-11D3-BF4B-00C04F79EFBC}") = "HttpLibrary", "HttpLibrary\HttpLibrary.csproj", "{F23ED3A7-AF02-4201-9E3E-5D208A157D91}"
EndProject
Global
	GlobalSection(SolutionConfigurationPlatforms) = preSolution
		Debug|Any CPU = Debug|Any CPU
		Release|Any CPU = Release|Any CPU
	EndGlobalSection
	GlobalSection(ProjectConfigurationPlatforms) = postSolution
		{0D5EACE0-FF3D-4766-A5CF-7B663C20F814}.Debug|Any CPU.ActiveCfg = Debug|Any CPU
		{0D5EACE0-FF3D-4766-A5CF-7B663C20F814}.Debug|Any CPU.Build.0 = Debug|Any CPU
		{0D5EACE0-FF3D-4766-A5CF-7B663C20F814}.Release|Any CPU.ActiveCfg = Release|Any CPU
		{0D5EACE0-FF3D-4766-A5CF-7B663C20F814}.Release|Any CPU.Build.0 = Release|Any CPU
		{F23ED3A7-AF02-4201-9E3E-5D208A157D91}.Debug|Any CPU.ActiveCfg = Debug|Any CPU
		{F23ED3A7-AF02-4201-9E3E-5D208A157D91}.Debug|Any CPU.Build.0 = Debug|Any CPU
		{F23ED3A7-AF02-4201-9E3E-5D208A157D91}.Release|Any CPU.ActiveCfg = Release|Any CPU
		{F23ED3A7-AF02-4201-9E3E-5D208A157D91}.Release|Any CPU.Build.0 = Release|Any CPU
	EndGlobalSection
	GlobalSection(SolutionProperties) = preSolution
		HideSolutionNode = FALSE
	EndGlobalSection
	GlobalSection(ExtensibilityGlobals) = postSolution
		SolutionGuid = {35905314-06DA-40CF-89EA-29984E4903AC}
	EndGlobalSection
EndGlobal
